
Microsoft Visual Studio Solution File, Format Version 12.00
# Visual Studio Version 16
VisualStudioVersion = 16.0.31424.327
MinimumVisualStudioVersion = 10.0.40219.1
Project("{9A19103F-16F7-4668-BE54-9A1E7A4F7556}") = "Tg_Bot", "Tg_Bot\Tg_Bot.csproj", "{388E90D4-BBF9-4F59-A9A4-C8D60D31F661}"
EndProject
Project("{2150E333-8FDC-42A3-9474-1A3956D46DE8}") = "Solution Items", "Solution Items", "{5EC6BC2A-88A6-48A7-9A79-DD6411FE1112}"
	ProjectSection(SolutionItems) = preProject
		.editorconfig = .editorconfig
	EndProjectSection
EndProject
Global
	GlobalSection(SolutionConfigurationPlatforms) = preSolution
		Debug|Any CPU = Debug|Any CPU
		Release|Any CPU = Release|Any CPU
	EndGlobalSection
	GlobalSection(ProjectConfigurationPlatforms) = postSolution
		{388E90D4-BBF9-4F59-A9A4-C8D60D31F661}.Debug|Any CPU.ActiveCfg = Debug|Any CPU
		{388E90D4-BBF9-4F59-A9A4-C8D60D31F661}.Debug|Any CPU.Build.0 = Debug|Any CPU
		{388E90D4-BBF9-4F59-A9A4-C8D60D31F661}.Release|Any CPU.ActiveCfg = Release|Any CPU
		{388E90D4-BBF9-4F59-A9A4-C8D60D31F661}.Release|Any CPU.Build.0 = Release|Any CPU
	EndGlobalSection
	GlobalSection(SolutionProperties) = preSolution
		HideSolutionNode = FALSE
	EndGlobalSection
	GlobalSection(ExtensibilityGlobals) = postSolution
		SolutionGuid = {BD226AB5-5350-4812-8502-00FF0F3E19D0}
	EndGlobalSection
EndGlobal
